
Microsoft Visual Studio Solution File, Format Version 12.00
# Visual Studio Version 17
VisualStudioVersion = 17.0.31903.59
MinimumVisualStudioVersion = 10.0.40219.1
Project("{2150E333-8FDC-42A3-9474-1A3956D46DE8}") = "src", "src", "{827E0CD3-B72D-47B6-A68D-7590B98EB39B}"
EndProject
Project("{FAE04EC0-301F-11D3-BF4B-00C04F79EFBC}") = "SocietyLedger.Api", "src\SocietyLedger.Api\SocietyLedger.Api.csproj", "{0733A067-4076-4B60-A09A-9199B48330E3}"
EndProject
Project("{FAE04EC0-301F-11D3-BF4B-00C04F79EFBC}") = "SocietyLedger.Application", "src\SocietyLedger.Application\SocietyLedger.Application.csproj", "{7F66271E-695A-43C8-966F-55C4F7881BFA}"
EndProject
Project("{FAE04EC0-301F-11D3-BF4B-00C04F79EFBC}") = "SocietyLedger.Domain", "src\SocietyLedger.Domain\SocietyLedger.Domain.csproj", "{3F455A69-597B-47DA-BAC3-A57DF2D699BB}"
EndProject
Project("{FAE04EC0-301F-11D3-BF4B-00C04F79EFBC}") = "SocietyLedger.Infrastructure", "src\SocietyLedger.Infrastructure\SocietyLedger.Infrastructure.csproj", "{AAEE5810-130E-474C-BC88-0265723CD984}"
EndProject
Project("{FAE04EC0-301F-11D3-BF4B-00C04F79EFBC}") = "SocietyLedger.Shared", "src\SocietyLedger.Shared\SocietyLedger.Shared.csproj", "{8469BB6A-80F1-4604-B461-67C184CBB99B}"
EndProject
Project("{2150E333-8FDC-42A3-9474-1A3956D46DE8}") = "tests", "tests", "{0AB3BF05-4346-4AA6-1389-037BE0695223}"
EndProject
Project("{FAE04EC0-301F-11D3-BF4B-00C04F79EFBC}") = "SocietyLedger.UnitTests", "tests\SocietyLedger.UnitTests\SocietyLedger.UnitTests.csproj", "{51351597-488E-4BF0-8D35-61E0A98CDF16}"
EndProject
Project("{2150E333-8FDC-42A3-9474-1A3956D46DE8}") = "Solution Items", "Solution Items", "{8EC462FD-D22E-90A8-E5CE-7E832BA40C5D}"
	ProjectSection(SolutionItems) = preProject
		.gitignore = .gitignore
	EndProjectSection
EndProject
Global
	GlobalSection(SolutionConfigurationPlatforms) = preSolution
		Debug|Any CPU = Debug|Any CPU
		Debug|x64 = Debug|x64
		Debug|x86 = Debug|x86
		Release|Any CPU = Release|Any CPU
		Release|x64 = Release|x64
		Release|x86 = Release|x86
	EndGlobalSection
	GlobalSection(ProjectConfigurationPlatforms) = postSolution
		{0733A067-4076-4B60-A09A-9199B48330E3}.Debug|Any CPU.ActiveCfg = Debug|Any CPU
		{0733A067-4076-4B60-A09A-9199B48330E3}.Debug|Any CPU.Build.0 = Debug|Any CPU
		{0733A067-4076-4B60-A09A-9199B48330E3}.Debug|x64.ActiveCfg = Debug|Any CPU
		{0733A067-4076-4B60-A09A-9199B48330E3}.Debug|x64.Build.0 = Debug|Any CPU
		{0733A067-4076-4B60-A09A-9199B48330E3}.Debug|x86.ActiveCfg = Debug|Any CPU
		{0733A067-4076-4B60-A09A-9199B48330E3}.Debug|x86.Build.0 = Debug|Any CPU
		{0733A067-4076-4B60-A09A-9199B48330E3}.Release|Any CPU.ActiveCfg = Release|Any CPU
		{0733A067-4076-4B60-A09A-9199B48330E3}.Release|Any CPU.Build.0 = Release|Any CPU
		{0733A067-4076-4B60-A09A-9199B48330E3}.Release|x64.ActiveCfg = Release|Any CPU
		{0733A067-4076-4B60-A09A-9199B48330E3}.Release|x64.Build.0 = Release|Any CPU
		{0733A067-4076-4B60-A09A-9199B48330E3}.Release|x86.ActiveCfg = Release|Any CPU
		{0733A067-4076-4B60-A09A-9199B48330E3}.Release|x86.Build.0 = Release|Any CPU
		{7F66271E-695A-43C8-966F-55C4F7881BFA}.Debug|Any CPU.ActiveCfg = Debug|Any CPU
		{7F66271E-695A-43C8-966F-55C4F7881BFA}.Debug|Any CPU.Build.0 = Debug|Any CPU
		{7F66271E-695A-43C8-966F-55C4F7881BFA}.Debug|x64.ActiveCfg = Debug|Any CPU
		{7F66271E-695A-43C8-966F-55C4F7881BFA}.Debug|x64.Build.0 = Debug|Any CPU
		{7F66271E-695A-43C8-966F-55C4F7881BFA}.Debug|x86.ActiveCfg = Debug|Any CPU
		{7F66271E-695A-43C8-966F-55C4F7881BFA}.Debug|x86.Build.0 = Debug|Any CPU
		{7F66271E-695A-43C8-966F-55C4F7881BFA}.Release|Any CPU.ActiveCfg = Release|Any CPU
		{7F66271E-695A-43C8-966F-55C4F7881BFA}.Release|Any CPU.Build.0 = Release|Any CPU
		{7F66271E-695A-43C8-966F-55C4F7881BFA}.Release|x64.ActiveCfg = Release|Any CPU
		{7F66271E-695A-43C8-966F-55C4F7881BFA}.Release|x64.Build.0 = Release|Any CPU
		{7F66271E-695A-43C8-966F-55C4F7881BFA}.Release|x86.ActiveCfg = Release|Any CPU
		{7F66271E-695A-43C8-966F-55C4F7881BFA}.Release|x86.Build.0 = Release|Any CPU
		{3F455A69-597B-47DA-BAC3-A57DF2D699BB}.Debug|Any CPU.ActiveCfg = Debug|Any CPU
		{3F455A69-597B-47DA-BAC3-A57DF2D699BB}.Debug|Any CPU.Build.0 = Debug|Any CPU
		{3F455A69-597B-47DA-BAC3-A57DF2D699BB}.Debug|x64.ActiveCfg = Debug|Any CPU
		{3F455A69-597B-47DA-BAC3-A57DF2D699BB}.Debug|x64.Build.0 = Debug|Any CPU
		{3F455A69-597B-47DA-BAC3-A57DF2D699BB}.Debug|x86.ActiveCfg = Debug|Any CPU
		{3F455A69-597B-47DA-BAC3-A57DF2D699BB}.Debug|x86.Build.0 = Debug|Any CPU
		{3F455A69-597B-47DA-BAC3-A57DF2D699BB}.Release|Any CPU.ActiveCfg = Release|Any CPU
		{3F455A69-597B-47DA-BAC3-A57DF2D699BB}.Release|Any CPU.Build.0 = Release|Any CPU
		{3F455A69-597B-47DA-BAC3-A57DF2D699BB}.Release|x64.ActiveCfg = Release|Any CPU
		{3F455A69-597B-47DA-BAC3-A57DF2D699BB}.Release|x64.Build.0 = Release|Any CPU
		{3F455A69-597B-47DA-BAC3-A57DF2D699BB}.Release|x86.ActiveCfg = Release|Any CPU
		{3F455A69-597B-47DA-BAC3-A57DF2D699BB}.Release|x86.Build.0 = Release|Any CPU
		{AAEE5810-130E-474C-BC88-0265723CD984}.Debug|Any CPU.ActiveCfg = Debug|Any CPU
		{AAEE5810-130E-474C-BC88-0265723CD984}.Debug|Any CPU.Build.0 = Debug|Any CPU
		{AAEE5810-130E-474C-BC88-0265723CD984}.Debug|x64.ActiveCfg = Debug|Any CPU
		{AAEE5810-130E-474C-BC88-0265723CD984}.Debug|x64.Build.0 = Debug|Any CPU
		{AAEE5810-130E-474C-BC88-0265723CD984}.Debug|x86.ActiveCfg = Debug|Any CPU
		{AAEE5810-130E-474C-BC88-0265723CD984}.Debug|x86.Build.0 = Debug|Any CPU
		{AAEE5810-130E-474C-BC88-0265723CD984}.Release|Any CPU.ActiveCfg = Release|Any CPU
		{AAEE5810-130E-474C-BC88-0265723CD984}.Release|Any CPU.Build.0 = Release|Any CPU
		{AAEE5810-130E-474C-BC88-0265723CD984}.Release|x64.ActiveCfg = Release|Any CPU
		{AAEE5810-130E-474C-BC88-0265723CD984}.Release|x64.Build.0 = Release|Any CPU
		{AAEE5810-130E-474C-BC88-0265723CD984}.Release|x86.ActiveCfg = Release|Any CPU
		{AAEE5810-130E-474C-BC88-0265723CD984}.Release|x86.Build.0 = Release|Any CPU
		{8469BB6A-80F1-4604-B461-67C184CBB99B}.Debug|Any CPU.ActiveCfg = Debug|Any CPU
		{8469BB6A-80F1-4604-B461-67C184CBB99B}.Debug|Any CPU.Build.0 = Debug|Any CPU
		{8469BB6A-80F1-4604-B461-67C184CBB99B}.Debug|x64.ActiveCfg = Debug|Any CPU
		{8469BB6A-80F1-4604-B461-67C184CBB99B}.Debug|x64.Build.0 = Debug|Any CPU
		{8469BB6A-80F1-4604-B461-67C184CBB99B}.Debug|x86.ActiveCfg = Debug|Any CPU
		{8469BB6A-80F1-4604-B461-67C184CBB99B}.Debug|x86.Build.0 = Debug|Any CPU
		{8469BB6A-80F1-4604-B461-67C184CBB99B}.Release|Any CPU.ActiveCfg = Release|Any CPU
		{8469BB6A-80F1-4604-B461-67C184CBB99B}.Release|Any CPU.Build.0 = Release|Any CPU
		{8469BB6A-80F1-4604-B461-67C184CBB99B}.Release|x64.ActiveCfg = Release|Any CPU
		{8469BB6A-80F1-4604-B461-67C184CBB99B}.Release|x64.Build.0 = Release|Any CPU
		{8469BB6A-80F1-4604-B461-67C184CBB99B}.Release|x86.ActiveCfg = Release|Any CPU
		{8469BB6A-80F1-4604-B461-67C184CBB99B}.Release|x86.Build.0 = Release|Any CPU
		{51351597-488E-4BF0-8D35-61E0A98CDF16}.Debug|Any CPU.ActiveCfg = Debug|Any CPU
		{51351597-488E-4BF0-8D35-61E0A98CDF16}.Debug|Any CPU.Build.0 = Debug|Any CPU
		{51351597-488E-4BF0-8D35-61E0A98CDF16}.Debug|x64.ActiveCfg = Debug|Any CPU
		{51351597-488E-4BF0-8D35-61E0A98CDF16}.Debug|x64.Build.0 = Debug|Any CPU
		{51351597-488E-4BF0-8D35-61E0A98CDF16}.Debug|x86.ActiveCfg = Debug|Any CPU
		{51351597-488E-4BF0-8D35-61E0A98CDF16}.Debug|x86.Build.0 = Debug|Any CPU
		{51351597-488E-4BF0-8D35-61E0A98CDF16}.Release|Any CPU.ActiveCfg = Release|Any CPU
		{51351597-488E-4BF0-8D35-61E0A98CDF16}.Release|Any CPU.Build.0 = Release|Any CPU
		{51351597-488E-4BF0-8D35-61E0A98CDF16}.Release|x64.ActiveCfg = Release|Any CPU
		{51351597-488E-4BF0-8D35-61E0A98CDF16}.Release|x64.Build.0 = Release|Any CPU
		{51351597-488E-4BF0-8D35-61E0A98CDF16}.Release|x86.ActiveCfg = Release|Any CPU
		{51351597-488E-4BF0-8D35-61E0A98CDF16}.Release|x86.Build.0 = Release|Any CPU
	EndGlobalSection
	GlobalSection(SolutionProperties) = preSolution
		HideSolutionNode = FALSE
	EndGlobalSection
	GlobalSection(NestedProjects) = preSolution
		{0733A067-4076-4B60-A09A-9199B48330E3} = {827E0CD3-B72D-47B6-A68D-7590B98EB39B}
		{7F66271E-695A-43C8-966F-55C4F7881BFA} = {827E0CD3-B72D-47B6-A68D-7590B98EB39B}
		{3F455A69-597B-47DA-BAC3-A57DF2D699BB} = {827E0CD3-B72D-47B6-A68D-7590B98EB39B}
		{AAEE5810-130E-474C-BC88-0265723CD984} = {827E0CD3-B72D-47B6-A68D-7590B98EB39B}
		{8469BB6A-80F1-4604-B461-67C184CBB99B} = {827E0CD3-B72D-47B6-A68D-7590B98EB39B}
		{51351597-488E-4BF0-8D35-61E0A98CDF16} = {0AB3BF05-4346-4AA6-1389-037BE0695223}
	EndGlobalSection
	GlobalSection(ExtensibilityGlobals) = postSolution
		SolutionGuid = {7B0DE99A-A82A-4A89-BF67-48BC02F0223C}
	EndGlobalSection
EndGlobal
